
Microsoft Visual Studio Solution File, Format Version 12.00
# Visual Studio 15
VisualStudioVersion = 15.0.27130.2024
MinimumVisualStudioVersion = 10.0.40219.1
Project("{888888A0-9F3D-457C-B088-3A5042F75D52}") = "3.2", "3.2\3.2.pyproj", "{8F167A0C-9CF9-4E26-845F-1D4CCF306B46}"
EndProject
Global
	GlobalSection(SolutionConfigurationPlatforms) = preSolution
		Debug|Any CPU = Debug|Any CPU
		Release|Any CPU = Release|Any CPU
	EndGlobalSection
	GlobalSection(ProjectConfigurationPlatforms) = postSolution
		{8F167A0C-9CF9-4E26-845F-1D4CCF306B46}.Debug|Any CPU.ActiveCfg = Debug|Any CPU
		{8F167A0C-9CF9-4E26-845F-1D4CCF306B46}.Release|Any CPU.ActiveCfg = Release|Any CPU
	EndGlobalSection
	GlobalSection(SolutionProperties) = preSolution
		HideSolutionNode = FALSE
	EndGlobalSection
	GlobalSection(ExtensibilityGlobals) = postSolution
		SolutionGuid = {B241C9F4-A340-4E6A-A35B-07999B60C48E}
	EndGlobalSection
EndGlobal
