
Microsoft Visual Studio Solution File, Format Version 12.00
# Visual Studio 15
VisualStudioVersion = 15.0.27130.2024
MinimumVisualStudioVersion = 10.0.40219.1
Project("{888888A0-9F3D-457C-B088-3A5042F75D52}") = "6.6", "6.6\6.6.pyproj", "{4D07B59D-8691-4C2B-924A-6CEEDECBE1A6}"
EndProject
Global
	GlobalSection(SolutionConfigurationPlatforms) = preSolution
		Debug|Any CPU = Debug|Any CPU
		Release|Any CPU = Release|Any CPU
	EndGlobalSection
	GlobalSection(ProjectConfigurationPlatforms) = postSolution
		{4D07B59D-8691-4C2B-924A-6CEEDECBE1A6}.Debug|Any CPU.ActiveCfg = Debug|Any CPU
		{4D07B59D-8691-4C2B-924A-6CEEDECBE1A6}.Release|Any CPU.ActiveCfg = Release|Any CPU
	EndGlobalSection
	GlobalSection(SolutionProperties) = preSolution
		HideSolutionNode = FALSE
	EndGlobalSection
	GlobalSection(ExtensibilityGlobals) = postSolution
		SolutionGuid = {068BB208-EBD3-4E19-B2CC-3D70CFE9FB26}
	EndGlobalSection
EndGlobal
