
Microsoft Visual Studio Solution File, Format Version 12.00
# Visual Studio 15
VisualStudioVersion = 15.0.27130.2024
MinimumVisualStudioVersion = 10.0.40219.1
Project("{888888A0-9F3D-457C-B088-3A5042F75D52}") = "5.2", "5.2\5.2.pyproj", "{F1608184-D603-4BFF-9E03-B83F57749D15}"
EndProject
Global
	GlobalSection(SolutionConfigurationPlatforms) = preSolution
		Debug|Any CPU = Debug|Any CPU
		Release|Any CPU = Release|Any CPU
	EndGlobalSection
	GlobalSection(ProjectConfigurationPlatforms) = postSolution
		{F1608184-D603-4BFF-9E03-B83F57749D15}.Debug|Any CPU.ActiveCfg = Debug|Any CPU
		{F1608184-D603-4BFF-9E03-B83F57749D15}.Release|Any CPU.ActiveCfg = Release|Any CPU
	EndGlobalSection
	GlobalSection(SolutionProperties) = preSolution
		HideSolutionNode = FALSE
	EndGlobalSection
	GlobalSection(ExtensibilityGlobals) = postSolution
		SolutionGuid = {0319F1E2-08F4-4975-924C-30061E551A46}
	EndGlobalSection
EndGlobal
