
Microsoft Visual Studio Solution File, Format Version 12.00
# Visual Studio 15
VisualStudioVersion = 15.0.27130.2024
MinimumVisualStudioVersion = 10.0.40219.1
Project("{888888A0-9F3D-457C-B088-3A5042F75D52}") = "4.6_Example prog", "4.6_Example prog\4.6_Example prog.pyproj", "{CE101400-2E08-47A6-9F6A-DB060CA650F8}"
EndProject
Global
	GlobalSection(SolutionConfigurationPlatforms) = preSolution
		Debug|Any CPU = Debug|Any CPU
		Release|Any CPU = Release|Any CPU
	EndGlobalSection
	GlobalSection(ProjectConfigurationPlatforms) = postSolution
		{CE101400-2E08-47A6-9F6A-DB060CA650F8}.Debug|Any CPU.ActiveCfg = Debug|Any CPU
		{CE101400-2E08-47A6-9F6A-DB060CA650F8}.Release|Any CPU.ActiveCfg = Release|Any CPU
	EndGlobalSection
	GlobalSection(SolutionProperties) = preSolution
		HideSolutionNode = FALSE
	EndGlobalSection
	GlobalSection(ExtensibilityGlobals) = postSolution
		SolutionGuid = {F4D1357D-3A6A-4471-A294-E6EDE8B77714}
	EndGlobalSection
EndGlobal
