
Microsoft Visual Studio Solution File, Format Version 12.00
# Visual Studio 15
VisualStudioVersion = 15.0.27130.2020
MinimumVisualStudioVersion = 10.0.40219.1
Project("{888888A0-9F3D-457C-B088-3A5042F75D52}") = "1.3", "1.3\1.3.pyproj", "{A692E976-F7A4-43A2-9E20-8FFC538BBA5C}"
EndProject
Global
	GlobalSection(SolutionConfigurationPlatforms) = preSolution
		Debug|Any CPU = Debug|Any CPU
		Release|Any CPU = Release|Any CPU
	EndGlobalSection
	GlobalSection(ProjectConfigurationPlatforms) = postSolution
		{A692E976-F7A4-43A2-9E20-8FFC538BBA5C}.Debug|Any CPU.ActiveCfg = Debug|Any CPU
		{A692E976-F7A4-43A2-9E20-8FFC538BBA5C}.Release|Any CPU.ActiveCfg = Release|Any CPU
	EndGlobalSection
	GlobalSection(SolutionProperties) = preSolution
		HideSolutionNode = FALSE
	EndGlobalSection
	GlobalSection(ExtensibilityGlobals) = postSolution
		SolutionGuid = {F6EAA55D-0E2A-4652-ACD7-91D649D2297F}
	EndGlobalSection
EndGlobal
