
Microsoft Visual Studio Solution File, Format Version 12.00
# Visual Studio 15
VisualStudioVersion = 15.0.27130.2024
MinimumVisualStudioVersion = 10.0.40219.1
Project("{888888A0-9F3D-457C-B088-3A5042F75D52}") = "4.4", "4.4\4.4.pyproj", "{349E1920-CB9D-4C38-9E3F-8AD671DEE16C}"
EndProject
Global
	GlobalSection(SolutionConfigurationPlatforms) = preSolution
		Debug|Any CPU = Debug|Any CPU
		Release|Any CPU = Release|Any CPU
	EndGlobalSection
	GlobalSection(ProjectConfigurationPlatforms) = postSolution
		{349E1920-CB9D-4C38-9E3F-8AD671DEE16C}.Debug|Any CPU.ActiveCfg = Debug|Any CPU
		{349E1920-CB9D-4C38-9E3F-8AD671DEE16C}.Release|Any CPU.ActiveCfg = Release|Any CPU
	EndGlobalSection
	GlobalSection(SolutionProperties) = preSolution
		HideSolutionNode = FALSE
	EndGlobalSection
	GlobalSection(ExtensibilityGlobals) = postSolution
		SolutionGuid = {F4993C1D-26C2-412C-9E86-F30204E9C2BB}
	EndGlobalSection
EndGlobal
