
Microsoft Visual Studio Solution File, Format Version 12.00
# Visual Studio 15
VisualStudioVersion = 15.0.27130.2024
MinimumVisualStudioVersion = 10.0.40219.1
Project("{888888A0-9F3D-457C-B088-3A5042F75D52}") = "5.3", "5.3\5.3.pyproj", "{85D55A90-6DDC-44C8-A008-6CF186AA0A37}"
EndProject
Global
	GlobalSection(SolutionConfigurationPlatforms) = preSolution
		Debug|Any CPU = Debug|Any CPU
		Release|Any CPU = Release|Any CPU
	EndGlobalSection
	GlobalSection(ProjectConfigurationPlatforms) = postSolution
		{85D55A90-6DDC-44C8-A008-6CF186AA0A37}.Debug|Any CPU.ActiveCfg = Debug|Any CPU
		{85D55A90-6DDC-44C8-A008-6CF186AA0A37}.Release|Any CPU.ActiveCfg = Release|Any CPU
	EndGlobalSection
	GlobalSection(SolutionProperties) = preSolution
		HideSolutionNode = FALSE
	EndGlobalSection
	GlobalSection(ExtensibilityGlobals) = postSolution
		SolutionGuid = {8E7E5CBE-7A13-4170-A17C-375D9522039E}
	EndGlobalSection
EndGlobal
