
Microsoft Visual Studio Solution File, Format Version 12.00
# Visual Studio 15
VisualStudioVersion = 15.0.27130.2024
MinimumVisualStudioVersion = 10.0.40219.1
Project("{888888A0-9F3D-457C-B088-3A5042F75D52}") = "4.1_Control_Flow", "4.1_Control_Flow\4.1_Control_Flow.pyproj", "{924573EB-6604-4D41-9F87-3910EA92A017}"
EndProject
Global
	GlobalSection(SolutionConfigurationPlatforms) = preSolution
		Debug|Any CPU = Debug|Any CPU
		Release|Any CPU = Release|Any CPU
	EndGlobalSection
	GlobalSection(ProjectConfigurationPlatforms) = postSolution
		{924573EB-6604-4D41-9F87-3910EA92A017}.Debug|Any CPU.ActiveCfg = Debug|Any CPU
		{924573EB-6604-4D41-9F87-3910EA92A017}.Release|Any CPU.ActiveCfg = Release|Any CPU
	EndGlobalSection
	GlobalSection(SolutionProperties) = preSolution
		HideSolutionNode = FALSE
	EndGlobalSection
	GlobalSection(ExtensibilityGlobals) = postSolution
		SolutionGuid = {737469B6-7774-4C59-8EE1-59B8DF0F0041}
	EndGlobalSection
EndGlobal
