
Microsoft Visual Studio Solution File, Format Version 12.00
# Visual Studio 15
VisualStudioVersion = 15.0.27130.2024
MinimumVisualStudioVersion = 10.0.40219.1
Project("{888888A0-9F3D-457C-B088-3A5042F75D52}") = "3.5", "3.5\3.5.pyproj", "{8C972D1E-ACC8-4CB9-8EC2-239D316B9D4B}"
EndProject
Global
	GlobalSection(SolutionConfigurationPlatforms) = preSolution
		Debug|Any CPU = Debug|Any CPU
		Release|Any CPU = Release|Any CPU
	EndGlobalSection
	GlobalSection(ProjectConfigurationPlatforms) = postSolution
		{8C972D1E-ACC8-4CB9-8EC2-239D316B9D4B}.Debug|Any CPU.ActiveCfg = Debug|Any CPU
		{8C972D1E-ACC8-4CB9-8EC2-239D316B9D4B}.Release|Any CPU.ActiveCfg = Release|Any CPU
	EndGlobalSection
	GlobalSection(SolutionProperties) = preSolution
		HideSolutionNode = FALSE
	EndGlobalSection
	GlobalSection(ExtensibilityGlobals) = postSolution
		SolutionGuid = {304DBC3C-27CB-48A4-AA71-CBC6B8A59A10}
	EndGlobalSection
EndGlobal
