
Microsoft Visual Studio Solution File, Format Version 12.00
# Visual Studio 15
VisualStudioVersion = 15.0.27130.2024
MinimumVisualStudioVersion = 10.0.40219.1
Project("{888888A0-9F3D-457C-B088-3A5042F75D52}") = "6.4", "6.4\6.4.pyproj", "{7F3EDDDE-5DA2-4E34-9FCB-2BCC920A4A97}"
EndProject
Global
	GlobalSection(SolutionConfigurationPlatforms) = preSolution
		Debug|Any CPU = Debug|Any CPU
		Release|Any CPU = Release|Any CPU
	EndGlobalSection
	GlobalSection(ProjectConfigurationPlatforms) = postSolution
		{7F3EDDDE-5DA2-4E34-9FCB-2BCC920A4A97}.Debug|Any CPU.ActiveCfg = Debug|Any CPU
		{7F3EDDDE-5DA2-4E34-9FCB-2BCC920A4A97}.Release|Any CPU.ActiveCfg = Release|Any CPU
	EndGlobalSection
	GlobalSection(SolutionProperties) = preSolution
		HideSolutionNode = FALSE
	EndGlobalSection
	GlobalSection(ExtensibilityGlobals) = postSolution
		SolutionGuid = {1513AEBE-EF01-42DA-852C-0F8618FB8B3B}
	EndGlobalSection
EndGlobal
