
Microsoft Visual Studio Solution File, Format Version 12.00
# Visual Studio 15
VisualStudioVersion = 15.0.27130.2024
MinimumVisualStudioVersion = 10.0.40219.1
Project("{888888A0-9F3D-457C-B088-3A5042F75D52}") = "5.4", "5.4\5.4.pyproj", "{95E4955A-1D59-47C7-870A-80E5AF2EA1A7}"
EndProject
Global
	GlobalSection(SolutionConfigurationPlatforms) = preSolution
		Debug|Any CPU = Debug|Any CPU
		Release|Any CPU = Release|Any CPU
	EndGlobalSection
	GlobalSection(ProjectConfigurationPlatforms) = postSolution
		{95E4955A-1D59-47C7-870A-80E5AF2EA1A7}.Debug|Any CPU.ActiveCfg = Debug|Any CPU
		{95E4955A-1D59-47C7-870A-80E5AF2EA1A7}.Release|Any CPU.ActiveCfg = Release|Any CPU
	EndGlobalSection
	GlobalSection(SolutionProperties) = preSolution
		HideSolutionNode = FALSE
	EndGlobalSection
	GlobalSection(ExtensibilityGlobals) = postSolution
		SolutionGuid = {A07FA6AE-3195-4A3E-9C9A-BFD454845E78}
	EndGlobalSection
EndGlobal
