
Microsoft Visual Studio Solution File, Format Version 12.00
# Visual Studio 15
VisualStudioVersion = 15.0.27130.2024
MinimumVisualStudioVersion = 10.0.40219.1
Project("{888888A0-9F3D-457C-B088-3A5042F75D52}") = "5.1_Loops and Iterables", "5.1_Loops and Iterables\5.1_Loops and Iterables.pyproj", "{95A20133-9D0A-48AF-9802-7DA092033820}"
EndProject
Global
	GlobalSection(SolutionConfigurationPlatforms) = preSolution
		Debug|Any CPU = Debug|Any CPU
		Release|Any CPU = Release|Any CPU
	EndGlobalSection
	GlobalSection(ProjectConfigurationPlatforms) = postSolution
		{95A20133-9D0A-48AF-9802-7DA092033820}.Debug|Any CPU.ActiveCfg = Debug|Any CPU
		{95A20133-9D0A-48AF-9802-7DA092033820}.Release|Any CPU.ActiveCfg = Release|Any CPU
	EndGlobalSection
	GlobalSection(SolutionProperties) = preSolution
		HideSolutionNode = FALSE
	EndGlobalSection
	GlobalSection(ExtensibilityGlobals) = postSolution
		SolutionGuid = {856E2F67-D0F6-436D-9269-54BAD9B47A16}
	EndGlobalSection
EndGlobal
